// !$*UTF8*$!
{
	archiveVersion = 1;
	classes = {
	};
	objectVersion = 56;
	objects = {

/* Begin PBXBuildFile section */
		1D9E74462A5DCF8E001EE271 /* Chords52.mlmodel in Sources */ = {isa = PBXBuildFile; fileRef = 1D9E74452A5DCF8E001EE271 /* Chords52.mlmodel */; };
		3606D68E2A482952009E3957 /* RecordingSessionView.swift in Sources */ = {isa = PBXBuildFile; fileRef = 3606D68D2A482952009E3957 /* RecordingSessionView.swift */; };
		3606D6912A482DAE009E3957 /* AppConfiguration.swift in Sources */ = {isa = PBXBuildFile; fileRef = 3606D6902A482DAE009E3957 /* AppConfiguration.swift */; };
		3606D6942A4830F8009E3957 /* UserDefaultStorage.swift in Sources */ = {isa = PBXBuildFile; fileRef = 3606D6932A4830F8009E3957 /* UserDefaultStorage.swift */; };
		3606D6962A483703009E3957 /* JSONFileStorage.swift in Sources */ = {isa = PBXBuildFile; fileRef = 3606D6952A483703009E3957 /* JSONFileStorage.swift */; };
		3606D6982A483903009E3957 /* RecordingSessionViewModel.swift in Sources */ = {isa = PBXBuildFile; fileRef = 3606D6972A483903009E3957 /* RecordingSessionViewModel.swift */; };
		3606D69A2A483EC5009E3957 /* SimpleChordsTemplate.json in Resources */ = {isa = PBXBuildFile; fileRef = 3606D6992A483EC5009E3957 /* SimpleChordsTemplate.json */; };
		3606D69D2A48403C009E3957 /* RecordingSession.swift in Sources */ = {isa = PBXBuildFile; fileRef = 3606D69C2A48403C009E3957 /* RecordingSession.swift */; };
		3606D69F2A4846E0009E3957 /* ResourceStorageLoader.swift in Sources */ = {isa = PBXBuildFile; fileRef = 3606D69E2A4846E0009E3957 /* ResourceStorageLoader.swift */; };
		3606D6A12A4847ED009E3957 /* Storable.swift in Sources */ = {isa = PBXBuildFile; fileRef = 3606D6A02A4847ED009E3957 /* Storable.swift */; };
		3606D6A32A4848D6009E3957 /* AppErrors.swift in Sources */ = {isa = PBXBuildFile; fileRef = 3606D6A22A4848D6009E3957 /* AppErrors.swift */; };
		3606D6A52A48539C009E3957 /* RecordingSessionHelper.swift in Sources */ = {isa = PBXBuildFile; fileRef = 3606D6A42A48539C009E3957 /* RecordingSessionHelper.swift */; };
		3606D6A72A48687B009E3957 /* DurationView.swift in Sources */ = {isa = PBXBuildFile; fileRef = 3606D6A62A48687B009E3957 /* DurationView.swift */; };
		3606D6A92A48739D009E3957 /* SessionRecorder.swift in Sources */ = {isa = PBXBuildFile; fileRef = 3606D6A82A48739D009E3957 /* SessionRecorder.swift */; };
		3606D6AC2A48E52F009E3957 /* VolumeSettingsView.swift in Sources */ = {isa = PBXBuildFile; fileRef = 3606D6AB2A48E52F009E3957 /* VolumeSettingsView.swift */; };
		3606D6AF2A4B6F6E009E3957 /* AnalyzerView.swift in Sources */ = {isa = PBXBuildFile; fileRef = 3606D6AE2A4B6F6E009E3957 /* AnalyzerView.swift */; };
		3606D6B12A4B75A9009E3957 /* AudioStreamManagerConfig.swift in Sources */ = {isa = PBXBuildFile; fileRef = 3606D6B02A4B75A9009E3957 /* AudioStreamManagerConfig.swift */; };
		3606D6B32A4B9A15009E3957 /* VolumeSettingsViewModel.swift in Sources */ = {isa = PBXBuildFile; fileRef = 3606D6B22A4B9A15009E3957 /* VolumeSettingsViewModel.swift */; };
		3606D6B62A4CBBE9009E3957 /* AudioFileSplitterView.swift in Sources */ = {isa = PBXBuildFile; fileRef = 3606D6B52A4CBBE9009E3957 /* AudioFileSplitterView.swift */; };
		3606D6B82A4CBF1F009E3957 /* AudioSplitterViewModel.swift in Sources */ = {isa = PBXBuildFile; fileRef = 3606D6B72A4CBF1F009E3957 /* AudioSplitterViewModel.swift */; };
		364F01492A35BE44009D7B3B /* CustomSoundClassifier.swift in Sources */ = {isa = PBXBuildFile; fileRef = 364F01482A35BE44009D7B3B /* CustomSoundClassifier.swift */; };
		364F014B2A35C0D4009D7B3B /* SoundClassfier.swift in Sources */ = {isa = PBXBuildFile; fileRef = 364F014A2A35C0D4009D7B3B /* SoundClassfier.swift */; };
		364F014D2A35C1D1009D7B3B /* AudioDataProcessor.swift in Sources */ = {isa = PBXBuildFile; fileRef = 364F014C2A35C1D1009D7B3B /* AudioDataProcessor.swift */; };
		364F01532A35CCF7009D7B3B /* SystemSoundClassifier.swift in Sources */ = {isa = PBXBuildFile; fileRef = 364F01522A35CCF7009D7B3B /* SystemSoundClassifier.swift */; };
		364F01552A35CEDA009D7B3B /* AppDefaults.swift in Sources */ = {isa = PBXBuildFile; fileRef = 364F01542A35CEDA009D7B3B /* AppDefaults.swift */; };
		364F01572A35EB0F009D7B3B /* ClassificationResult.swift in Sources */ = {isa = PBXBuildFile; fileRef = 364F01562A35EB0F009D7B3B /* ClassificationResult.swift */; };
		3652D0302A59D889000C9DF2 /* Chords2a.mlmodel in Sources */ = {isa = PBXBuildFile; fileRef = 3652D02F2A59D889000C9DF2 /* Chords2a.mlmodel */; };
		3652D0342A5AF00F000C9DF2 /* Chords3a.mlmodel in Sources */ = {isa = PBXBuildFile; fileRef = 3652D0332A5AF00F000C9DF2 /* Chords3a.mlmodel */; };
		366999262A3469160041C518 /* AudioSpielplatz1App.swift in Sources */ = {isa = PBXBuildFile; fileRef = 366999252A3469160041C518 /* AudioSpielplatz1App.swift */; };
		366999282A3469160041C518 /* ContentView.swift in Sources */ = {isa = PBXBuildFile; fileRef = 366999272A3469160041C518 /* ContentView.swift */; };
		3669992A2A3469170041C518 /* Assets.xcassets in Resources */ = {isa = PBXBuildFile; fileRef = 366999292A3469170041C518 /* Assets.xcassets */; };
		3669992D2A3469170041C518 /* Preview Assets.xcassets in Resources */ = {isa = PBXBuildFile; fileRef = 3669992C2A3469170041C518 /* Preview Assets.xcassets */; };
		366999362A346A200041C518 /* RecordingManager.swift in Sources */ = {isa = PBXBuildFile; fileRef = 366999352A346A200041C518 /* RecordingManager.swift */; };
		366999382A3471990041C518 /* PlayerControlsView.swift in Sources */ = {isa = PBXBuildFile; fileRef = 366999372A3471990041C518 /* PlayerControlsView.swift */; };
		3669993B2A348C0E0041C518 /* ApplicationState.swift in Sources */ = {isa = PBXBuildFile; fileRef = 3669993A2A348C0E0041C518 /* ApplicationState.swift */; };
		3669993D2A34A8F10041C518 /* PlaybackManager.swift in Sources */ = {isa = PBXBuildFile; fileRef = 3669993C2A34A8F10041C518 /* PlaybackManager.swift */; };
		366999402A34B0520041C518 /* Errors.swift in Sources */ = {isa = PBXBuildFile; fileRef = 3669993F2A34B0520041C518 /* Errors.swift */; };
		366999422A34BD5D0041C518 /* AudioStreamManager.swift in Sources */ = {isa = PBXBuildFile; fileRef = 366999412A34BD5D0041C518 /* AudioStreamManager.swift */; };
		366999442A34BE540041C518 /* AudioAuthorization.swift in Sources */ = {isa = PBXBuildFile; fileRef = 366999432A34BE540041C518 /* AudioAuthorization.swift */; };
		367585F72A51D05C001A1096 /* FileListView.swift in Sources */ = {isa = PBXBuildFile; fileRef = 367585F62A51D05C001A1096 /* FileListView.swift */; };
		367585FA2A5206A5001A1096 /* ChordSuggestionView.swift in Sources */ = {isa = PBXBuildFile; fileRef = 367585F92A5206A5001A1096 /* ChordSuggestionView.swift */; };
		367585FC2A520A08001A1096 /* ChordSuggestionViewModel.swift in Sources */ = {isa = PBXBuildFile; fileRef = 367585FB2A520A08001A1096 /* ChordSuggestionViewModel.swift */; };
		367585FE2A520A6B001A1096 /* AnalyzerViewModel.swift in Sources */ = {isa = PBXBuildFile; fileRef = 367585FD2A520A6B001A1096 /* AnalyzerViewModel.swift */; };
		367586002A54A37A001A1096 /* CustomSoundClassifierConfiguration.swift in Sources */ = {isa = PBXBuildFile; fileRef = 367585FF2A54A37A001A1096 /* CustomSoundClassifierConfiguration.swift */; };
		367586592A5972A1001A1096 /* CustomSoundClassifierConfiguration+Chords.swift in Sources */ = {isa = PBXBuildFile; fileRef = 367586582A5972A0001A1096 /* CustomSoundClassifierConfiguration+Chords.swift */; };
		3684634D2A40E06500B574E5 /* AudioAnalyzer.swift in Sources */ = {isa = PBXBuildFile; fileRef = 3684634C2A40E06500B574E5 /* AudioAnalyzer.swift */; };
		3684634F2A40F3CF00B574E5 /* AudioAnalyzerData.swift in Sources */ = {isa = PBXBuildFile; fileRef = 3684634E2A40F3CF00B574E5 /* AudioAnalyzerData.swift */; };
		368463512A40F4F000B574E5 /* VolumeView.swift in Sources */ = {isa = PBXBuildFile; fileRef = 368463502A40F4F000B574E5 /* VolumeView.swift */; };
		368463532A4383E000B574E5 /* AudioStorage.swift in Sources */ = {isa = PBXBuildFile; fileRef = 368463522A4383E000B574E5 /* AudioStorage.swift */; };
		368463552A43971C00B574E5 /* WaveView.swift in Sources */ = {isa = PBXBuildFile; fileRef = 368463542A43971C00B574E5 /* WaveView.swift */; };
		368463572A44DC5A00B574E5 /* AudioDeviceManager.swift in Sources */ = {isa = PBXBuildFile; fileRef = 368463562A44DC5A00B574E5 /* AudioDeviceManager.swift */; };
		36AF50CA2A4D3B9E00FB56E0 /* AudioFileSplitter.swift in Sources */ = {isa = PBXBuildFile; fileRef = 36AF50C92A4D3B9E00FB56E0 /* AudioFileSplitter.swift */; };
		36AF50CC2A4D4CA600FB56E0 /* AudioFileStreamManager.swift in Sources */ = {isa = PBXBuildFile; fileRef = 36AF50CB2A4D4CA600FB56E0 /* AudioFileStreamManager.swift */; };
/* End PBXBuildFile section */

/* Begin PBXFileReference section */
		1D9E74452A5DCF8E001EE271 /* Chords52.mlmodel */ = {isa = PBXFileReference; lastKnownFileType = file.mlmodel; path = Chords52.mlmodel; sourceTree = "<group>"; };
		3606D68D2A482952009E3957 /* RecordingSessionView.swift */ = {isa = PBXFileReference; lastKnownFileType = sourcecode.swift; path = RecordingSessionView.swift; sourceTree = "<group>"; };
		3606D6902A482DAE009E3957 /* AppConfiguration.swift */ = {isa = PBXFileReference; lastKnownFileType = sourcecode.swift; path = AppConfiguration.swift; sourceTree = "<group>"; };
		3606D6932A4830F8009E3957 /* UserDefaultStorage.swift */ = {isa = PBXFileReference; lastKnownFileType = sourcecode.swift; path = UserDefaultStorage.swift; sourceTree = "<group>"; };
		3606D6952A483703009E3957 /* JSONFileStorage.swift */ = {isa = PBXFileReference; lastKnownFileType = sourcecode.swift; path = JSONFileStorage.swift; sourceTree = "<group>"; };
		3606D6972A483903009E3957 /* RecordingSessionViewModel.swift */ = {isa = PBXFileReference; lastKnownFileType = sourcecode.swift; path = RecordingSessionViewModel.swift; sourceTree = "<group>"; };
		3606D6992A483EC5009E3957 /* SimpleChordsTemplate.json */ = {isa = PBXFileReference; lastKnownFileType = text.json; path = SimpleChordsTemplate.json; sourceTree = "<group>"; };
		3606D69C2A48403C009E3957 /* RecordingSession.swift */ = {isa = PBXFileReference; lastKnownFileType = sourcecode.swift; path = RecordingSession.swift; sourceTree = "<group>"; };
		3606D69E2A4846E0009E3957 /* ResourceStorageLoader.swift */ = {isa = PBXFileReference; lastKnownFileType = sourcecode.swift; path = ResourceStorageLoader.swift; sourceTree = "<group>"; };
		3606D6A02A4847ED009E3957 /* Storable.swift */ = {isa = PBXFileReference; lastKnownFileType = sourcecode.swift; path = Storable.swift; sourceTree = "<group>"; };
		3606D6A22A4848D6009E3957 /* AppErrors.swift */ = {isa = PBXFileReference; lastKnownFileType = sourcecode.swift; path = AppErrors.swift; sourceTree = "<group>"; };
		3606D6A42A48539C009E3957 /* RecordingSessionHelper.swift */ = {isa = PBXFileReference; lastKnownFileType = sourcecode.swift; path = RecordingSessionHelper.swift; sourceTree = "<group>"; };
		3606D6A62A48687B009E3957 /* DurationView.swift */ = {isa = PBXFileReference; lastKnownFileType = sourcecode.swift; path = DurationView.swift; sourceTree = "<group>"; };
		3606D6A82A48739D009E3957 /* SessionRecorder.swift */ = {isa = PBXFileReference; lastKnownFileType = sourcecode.swift; path = SessionRecorder.swift; sourceTree = "<group>"; };
		3606D6AB2A48E52F009E3957 /* VolumeSettingsView.swift */ = {isa = PBXFileReference; lastKnownFileType = sourcecode.swift; path = VolumeSettingsView.swift; sourceTree = "<group>"; };
		3606D6AE2A4B6F6E009E3957 /* AnalyzerView.swift */ = {isa = PBXFileReference; lastKnownFileType = sourcecode.swift; path = AnalyzerView.swift; sourceTree = "<group>"; };
		3606D6B02A4B75A9009E3957 /* AudioStreamManagerConfig.swift */ = {isa = PBXFileReference; lastKnownFileType = sourcecode.swift; path = AudioStreamManagerConfig.swift; sourceTree = "<group>"; };
		3606D6B22A4B9A15009E3957 /* VolumeSettingsViewModel.swift */ = {isa = PBXFileReference; lastKnownFileType = sourcecode.swift; path = VolumeSettingsViewModel.swift; sourceTree = "<group>"; };
		3606D6B52A4CBBE9009E3957 /* AudioFileSplitterView.swift */ = {isa = PBXFileReference; lastKnownFileType = sourcecode.swift; path = AudioFileSplitterView.swift; sourceTree = "<group>"; };
		3606D6B72A4CBF1F009E3957 /* AudioSplitterViewModel.swift */ = {isa = PBXFileReference; lastKnownFileType = sourcecode.swift; path = AudioSplitterViewModel.swift; sourceTree = "<group>"; };
		364F01482A35BE44009D7B3B /* CustomSoundClassifier.swift */ = {isa = PBXFileReference; lastKnownFileType = sourcecode.swift; path = CustomSoundClassifier.swift; sourceTree = "<group>"; };
		364F014A2A35C0D4009D7B3B /* SoundClassfier.swift */ = {isa = PBXFileReference; lastKnownFileType = sourcecode.swift; path = SoundClassfier.swift; sourceTree = "<group>"; };
		364F014C2A35C1D1009D7B3B /* AudioDataProcessor.swift */ = {isa = PBXFileReference; lastKnownFileType = sourcecode.swift; path = AudioDataProcessor.swift; sourceTree = "<group>"; };
		364F01522A35CCF7009D7B3B /* SystemSoundClassifier.swift */ = {isa = PBXFileReference; lastKnownFileType = sourcecode.swift; path = SystemSoundClassifier.swift; sourceTree = "<group>"; };
		364F01542A35CEDA009D7B3B /* AppDefaults.swift */ = {isa = PBXFileReference; lastKnownFileType = sourcecode.swift; path = AppDefaults.swift; sourceTree = "<group>"; };
		364F01562A35EB0F009D7B3B /* ClassificationResult.swift */ = {isa = PBXFileReference; lastKnownFileType = sourcecode.swift; path = ClassificationResult.swift; sourceTree = "<group>"; };
		3652D02F2A59D889000C9DF2 /* Chords2a.mlmodel */ = {isa = PBXFileReference; lastKnownFileType = file.mlmodel; path = Chords2a.mlmodel; sourceTree = "<group>"; };
		3652D0332A5AF00F000C9DF2 /* Chords3a.mlmodel */ = {isa = PBXFileReference; lastKnownFileType = file.mlmodel; path = Chords3a.mlmodel; sourceTree = "<group>"; };
		366999222A3469160041C518 /* AudioSpielplatz1.app */ = {isa = PBXFileReference; explicitFileType = wrapper.application; includeInIndex = 0; path = AudioSpielplatz1.app; sourceTree = BUILT_PRODUCTS_DIR; };
		366999252A3469160041C518 /* AudioSpielplatz1App.swift */ = {isa = PBXFileReference; lastKnownFileType = sourcecode.swift; path = AudioSpielplatz1App.swift; sourceTree = "<group>"; };
		366999272A3469160041C518 /* ContentView.swift */ = {isa = PBXFileReference; lastKnownFileType = sourcecode.swift; path = ContentView.swift; sourceTree = "<group>"; };
		366999292A3469170041C518 /* Assets.xcassets */ = {isa = PBXFileReference; lastKnownFileType = folder.assetcatalog; path = Assets.xcassets; sourceTree = "<group>"; };
		3669992C2A3469170041C518 /* Preview Assets.xcassets */ = {isa = PBXFileReference; lastKnownFileType = folder.assetcatalog; path = "Preview Assets.xcassets"; sourceTree = "<group>"; };
		3669992E2A3469170041C518 /* AudioSpielplatz1.entitlements */ = {isa = PBXFileReference; lastKnownFileType = text.plist.entitlements; path = AudioSpielplatz1.entitlements; sourceTree = "<group>"; };
		366999352A346A200041C518 /* RecordingManager.swift */ = {isa = PBXFileReference; lastKnownFileType = sourcecode.swift; path = RecordingManager.swift; sourceTree = "<group>"; };
		366999372A3471990041C518 /* PlayerControlsView.swift */ = {isa = PBXFileReference; lastKnownFileType = sourcecode.swift; path = PlayerControlsView.swift; sourceTree = "<group>"; };
		3669993A2A348C0E0041C518 /* ApplicationState.swift */ = {isa = PBXFileReference; lastKnownFileType = sourcecode.swift; path = ApplicationState.swift; sourceTree = "<group>"; };
		3669993C2A34A8F10041C518 /* PlaybackManager.swift */ = {isa = PBXFileReference; lastKnownFileType = sourcecode.swift; path = PlaybackManager.swift; sourceTree = "<group>"; };
		3669993F2A34B0520041C518 /* Errors.swift */ = {isa = PBXFileReference; lastKnownFileType = sourcecode.swift; path = Errors.swift; sourceTree = "<group>"; };
		366999412A34BD5D0041C518 /* AudioStreamManager.swift */ = {isa = PBXFileReference; lastKnownFileType = sourcecode.swift; path = AudioStreamManager.swift; sourceTree = "<group>"; };
		366999432A34BE540041C518 /* AudioAuthorization.swift */ = {isa = PBXFileReference; lastKnownFileType = sourcecode.swift; path = AudioAuthorization.swift; sourceTree = "<group>"; };
		367585F62A51D05C001A1096 /* FileListView.swift */ = {isa = PBXFileReference; lastKnownFileType = sourcecode.swift; path = FileListView.swift; sourceTree = "<group>"; };
		367585F92A5206A5001A1096 /* ChordSuggestionView.swift */ = {isa = PBXFileReference; lastKnownFileType = sourcecode.swift; path = ChordSuggestionView.swift; sourceTree = "<group>"; };
		367585FB2A520A08001A1096 /* ChordSuggestionViewModel.swift */ = {isa = PBXFileReference; lastKnownFileType = sourcecode.swift; path = ChordSuggestionViewModel.swift; sourceTree = "<group>"; };
		367585FD2A520A6B001A1096 /* AnalyzerViewModel.swift */ = {isa = PBXFileReference; lastKnownFileType = sourcecode.swift; path = AnalyzerViewModel.swift; sourceTree = "<group>"; };
		367585FF2A54A37A001A1096 /* CustomSoundClassifierConfiguration.swift */ = {isa = PBXFileReference; lastKnownFileType = sourcecode.swift; path = CustomSoundClassifierConfiguration.swift; sourceTree = "<group>"; };
		367586582A5972A0001A1096 /* CustomSoundClassifierConfiguration+Chords.swift */ = {isa = PBXFileReference; fileEncoding = 4; lastKnownFileType = sourcecode.swift; path = "CustomSoundClassifierConfiguration+Chords.swift"; sourceTree = "<group>"; };
		3684634C2A40E06500B574E5 /* AudioAnalyzer.swift */ = {isa = PBXFileReference; lastKnownFileType = sourcecode.swift; path = AudioAnalyzer.swift; sourceTree = "<group>"; };
		3684634E2A40F3CF00B574E5 /* AudioAnalyzerData.swift */ = {isa = PBXFileReference; lastKnownFileType = sourcecode.swift; path = AudioAnalyzerData.swift; sourceTree = "<group>"; };
		368463502A40F4F000B574E5 /* VolumeView.swift */ = {isa = PBXFileReference; lastKnownFileType = sourcecode.swift; path = VolumeView.swift; sourceTree = "<group>"; };
		368463522A4383E000B574E5 /* AudioStorage.swift */ = {isa = PBXFileReference; lastKnownFileType = sourcecode.swift; path = AudioStorage.swift; sourceTree = "<group>"; };
		368463542A43971C00B574E5 /* WaveView.swift */ = {isa = PBXFileReference; lastKnownFileType = sourcecode.swift; path = WaveView.swift; sourceTree = "<group>"; };
		368463562A44DC5A00B574E5 /* AudioDeviceManager.swift */ = {isa = PBXFileReference; lastKnownFileType = sourcecode.swift; path = AudioDeviceManager.swift; sourceTree = "<group>"; };
		36AF50C92A4D3B9E00FB56E0 /* AudioFileSplitter.swift */ = {isa = PBXFileReference; lastKnownFileType = sourcecode.swift; path = AudioFileSplitter.swift; sourceTree = "<group>"; };
		36AF50CB2A4D4CA600FB56E0 /* AudioFileStreamManager.swift */ = {isa = PBXFileReference; lastKnownFileType = sourcecode.swift; path = AudioFileStreamManager.swift; sourceTree = "<group>"; };
/* End PBXFileReference section */

/* Begin PBXFrameworksBuildPhase section */
		3669991F2A3469160041C518 /* Frameworks */ = {
			isa = PBXFrameworksBuildPhase;
			buildActionMask = 2147483647;
			files = (
			);
			runOnlyForDeploymentPostprocessing = 0;
		};
/* End PBXFrameworksBuildPhase section */

/* Begin PBXGroup section */
		3606D68A2A48285C009E3957 /* Main */ = {
			isa = PBXGroup;
			children = (
				366999272A3469160041C518 /* ContentView.swift */,
			);
			path = Main;
			sourceTree = "<group>";
		};
		3606D68B2A482862009E3957 /* Common */ = {
			isa = PBXGroup;
			children = (
				366999372A3471990041C518 /* PlayerControlsView.swift */,
				368463502A40F4F000B574E5 /* VolumeView.swift */,
				368463542A43971C00B574E5 /* WaveView.swift */,
				367585F62A51D05C001A1096 /* FileListView.swift */,
			);
			path = Common;
			sourceTree = "<group>";
		};
		3606D68C2A48291D009E3957 /* RecordingSession */ = {
			isa = PBXGroup;
			children = (
				3606D68D2A482952009E3957 /* RecordingSessionView.swift */,
				3606D6972A483903009E3957 /* RecordingSessionViewModel.swift */,
				3606D6A62A48687B009E3957 /* DurationView.swift */,
			);
			path = RecordingSession;
			sourceTree = "<group>";
		};
		3606D68F2A482D7F009E3957 /* Model */ = {
			isa = PBXGroup;
			children = (
				3606D69B2A48401A009E3957 /* Storage */,
				364F01542A35CEDA009D7B3B /* AppDefaults.swift */,
				3606D6902A482DAE009E3957 /* AppConfiguration.swift */,
				3606D69C2A48403C009E3957 /* RecordingSession.swift */,
				3606D6A42A48539C009E3957 /* RecordingSessionHelper.swift */,
			);
			path = Model;
			sourceTree = "<group>";
		};
		3606D6922A4830CB009E3957 /* Extensions */ = {
			isa = PBXGroup;
			children = (
				3606D6A22A4848D6009E3957 /* AppErrors.swift */,
			);
			path = Extensions;
			sourceTree = "<group>";
		};
		3606D69B2A48401A009E3957 /* Storage */ = {
			isa = PBXGroup;
			children = (
				3606D6932A4830F8009E3957 /* UserDefaultStorage.swift */,
				3606D6952A483703009E3957 /* JSONFileStorage.swift */,
				3606D69E2A4846E0009E3957 /* ResourceStorageLoader.swift */,
				3606D6A02A4847ED009E3957 /* Storable.swift */,
			);
			path = Storage;
			sourceTree = "<group>";
		};
		3606D6AA2A48E512009E3957 /* VolumeSettings */ = {
			isa = PBXGroup;
			children = (
				3606D6AB2A48E52F009E3957 /* VolumeSettingsView.swift */,
				3606D6B22A4B9A15009E3957 /* VolumeSettingsViewModel.swift */,
			);
			path = VolumeSettings;
			sourceTree = "<group>";
		};
		3606D6AD2A4B6F5A009E3957 /* Analyzer */ = {
			isa = PBXGroup;
			children = (
				3606D6AE2A4B6F6E009E3957 /* AnalyzerView.swift */,
				367585FD2A520A6B001A1096 /* AnalyzerViewModel.swift */,
			);
			path = Analyzer;
			sourceTree = "<group>";
		};
		3606D6B42A4CBBD3009E3957 /* AudioFileSplitter */ = {
			isa = PBXGroup;
			children = (
				3606D6B52A4CBBE9009E3957 /* AudioFileSplitterView.swift */,
				3606D6B72A4CBF1F009E3957 /* AudioSplitterViewModel.swift */,
			);
			path = AudioFileSplitter;
			sourceTree = "<group>";
		};
		364F01472A35BE24009D7B3B /* CoreML */ = {
			isa = PBXGroup;
			children = (
				364F01482A35BE44009D7B3B /* CustomSoundClassifier.swift */,
				367585FF2A54A37A001A1096 /* CustomSoundClassifierConfiguration.swift */,
				367586582A5972A0001A1096 /* CustomSoundClassifierConfiguration+Chords.swift */,
				364F014A2A35C0D4009D7B3B /* SoundClassfier.swift */,
				364F01522A35CCF7009D7B3B /* SystemSoundClassifier.swift */,
				364F01562A35EB0F009D7B3B /* ClassificationResult.swift */,
			);
			path = CoreML;
			sourceTree = "<group>";
		};
		364F01502A35CB54009D7B3B /* Entitlements */ = {
			isa = PBXGroup;
			children = (
				3669992E2A3469170041C518 /* AudioSpielplatz1.entitlements */,
			);
			path = Entitlements;
			sourceTree = "<group>";
		};
		364F01512A35CB93009D7B3B /* Resources */ = {
			isa = PBXGroup;
			children = (
				3652D02F2A59D889000C9DF2 /* Chords2a.mlmodel */,
				3652D0332A5AF00F000C9DF2 /* Chords3a.mlmodel */,
				1D9E74452A5DCF8E001EE271 /* Chords52.mlmodel */,
				366999292A3469170041C518 /* Assets.xcassets */,
				3606D6992A483EC5009E3957 /* SimpleChordsTemplate.json */,
			);
			path = Resources;
			sourceTree = "<group>";
		};
		366999192A3469160041C518 = {
			isa = PBXGroup;
			children = (
				366999242A3469160041C518 /* AudioSpielplatz1 */,
				366999232A3469160041C518 /* Products */,
			);
			sourceTree = "<group>";
		};
		366999232A3469160041C518 /* Products */ = {
			isa = PBXGroup;
			children = (
				366999222A3469160041C518 /* AudioSpielplatz1.app */,
			);
			name = Products;
			sourceTree = "<group>";
		};
		366999242A3469160041C518 /* AudioSpielplatz1 */ = {
			isa = PBXGroup;
			children = (
				3606D6922A4830CB009E3957 /* Extensions */,
				3606D68F2A482D7F009E3957 /* Model */,
				364F01512A35CB93009D7B3B /* Resources */,
				364F01502A35CB54009D7B3B /* Entitlements */,
				366999392A3472AE0041C518 /* Views */,
				366999342A3469FB0041C518 /* Manager */,
				366999252A3469160041C518 /* AudioSpielplatz1App.swift */,
				3669993A2A348C0E0041C518 /* ApplicationState.swift */,
				3669992B2A3469170041C518 /* Preview Content */,
			);
			path = AudioSpielplatz1;
			sourceTree = "<group>";
		};
		3669992B2A3469170041C518 /* Preview Content */ = {
			isa = PBXGroup;
			children = (
				3669992C2A3469170041C518 /* Preview Assets.xcassets */,
			);
			path = "Preview Content";
			sourceTree = "<group>";
		};
		366999342A3469FB0041C518 /* Manager */ = {
			isa = PBXGroup;
			children = (
				3684634B2A40E04200B574E5 /* Processing */,
				364F01472A35BE24009D7B3B /* CoreML */,
				3669993E2A34B03E0041C518 /* Audio */,
			);
			path = Manager;
			sourceTree = "<group>";
		};
		366999392A3472AE0041C518 /* Views */ = {
			isa = PBXGroup;
			children = (
				367585F82A520689001A1096 /* ChordSuggestion */,
				3606D6B42A4CBBD3009E3957 /* AudioFileSplitter */,
				3606D6AD2A4B6F5A009E3957 /* Analyzer */,
				3606D6AA2A48E512009E3957 /* VolumeSettings */,
				3606D68C2A48291D009E3957 /* RecordingSession */,
				3606D68B2A482862009E3957 /* Common */,
				3606D68A2A48285C009E3957 /* Main */,
			);
			path = Views;
			sourceTree = "<group>";
		};
		3669993E2A34B03E0041C518 /* Audio */ = {
			isa = PBXGroup;
			children = (
				366999432A34BE540041C518 /* AudioAuthorization.swift */,
				364F014C2A35C1D1009D7B3B /* AudioDataProcessor.swift */,
				368463562A44DC5A00B574E5 /* AudioDeviceManager.swift */,
				36AF50CB2A4D4CA600FB56E0 /* AudioFileStreamManager.swift */,
				366999412A34BD5D0041C518 /* AudioStreamManager.swift */,
				3606D6B02A4B75A9009E3957 /* AudioStreamManagerConfig.swift */,
				3669993F2A34B0520041C518 /* Errors.swift */,
				3669993C2A34A8F10041C518 /* PlaybackManager.swift */,
				366999352A346A200041C518 /* RecordingManager.swift */,
			);
			path = Audio;
			sourceTree = "<group>";
		};
		367585F82A520689001A1096 /* ChordSuggestion */ = {
			isa = PBXGroup;
			children = (
				367585F92A5206A5001A1096 /* ChordSuggestionView.swift */,
				367585FB2A520A08001A1096 /* ChordSuggestionViewModel.swift */,
			);
			path = ChordSuggestion;
			sourceTree = "<group>";
		};
		3684634B2A40E04200B574E5 /* Processing */ = {
			isa = PBXGroup;
			children = (
				3684634C2A40E06500B574E5 /* AudioAnalyzer.swift */,
				3684634E2A40F3CF00B574E5 /* AudioAnalyzerData.swift */,
				368463522A4383E000B574E5 /* AudioStorage.swift */,
				3606D6A82A48739D009E3957 /* SessionRecorder.swift */,
				36AF50C92A4D3B9E00FB56E0 /* AudioFileSplitter.swift */,
			);
			path = Processing;
			sourceTree = "<group>";
		};
/* End PBXGroup section */

/* Begin PBXNativeTarget section */
		366999212A3469160041C518 /* AudioSpielplatz1 */ = {
			isa = PBXNativeTarget;
			buildConfigurationList = 366999312A3469170041C518 /* Build configuration list for PBXNativeTarget "AudioSpielplatz1" */;
			buildPhases = (
				3669991E2A3469160041C518 /* Sources */,
				3669991F2A3469160041C518 /* Frameworks */,
				366999202A3469160041C518 /* Resources */,
			);
			buildRules = (
			);
			dependencies = (
			);
			name = AudioSpielplatz1;
			productName = AudioSpielplatz1;
			productReference = 366999222A3469160041C518 /* AudioSpielplatz1.app */;
			productType = "com.apple.product-type.application";
		};
/* End PBXNativeTarget section */

/* Begin PBXProject section */
		3669991A2A3469160041C518 /* Project object */ = {
			isa = PBXProject;
			attributes = {
				BuildIndependentTargetsInParallel = 1;
				LastSwiftUpdateCheck = 1500;
				LastUpgradeCheck = 1500;
				TargetAttributes = {
					366999212A3469160041C518 = {
						CreatedOnToolsVersion = 15.0;
					};
				};
			};
			buildConfigurationList = 3669991D2A3469160041C518 /* Build configuration list for PBXProject "AudioSpielplatz1" */;
			compatibilityVersion = "Xcode 14.0";
			developmentRegion = en;
			hasScannedForEncodings = 0;
			knownRegions = (
				en,
				Base,
			);
			mainGroup = 366999192A3469160041C518;
			productRefGroup = 366999232A3469160041C518 /* Products */;
			projectDirPath = "";
			projectRoot = "";
			targets = (
				366999212A3469160041C518 /* AudioSpielplatz1 */,
			);
		};
/* End PBXProject section */

/* Begin PBXResourcesBuildPhase section */
		366999202A3469160041C518 /* Resources */ = {
			isa = PBXResourcesBuildPhase;
			buildActionMask = 2147483647;
			files = (
				3669992D2A3469170041C518 /* Preview Assets.xcassets in Resources */,
				3606D69A2A483EC5009E3957 /* SimpleChordsTemplate.json in Resources */,
				3669992A2A3469170041C518 /* Assets.xcassets in Resources */,
			);
			runOnlyForDeploymentPostprocessing = 0;
		};
/* End PBXResourcesBuildPhase section */

/* Begin PBXSourcesBuildPhase section */
		3669991E2A3469160041C518 /* Sources */ = {
			isa = PBXSourcesBuildPhase;
			buildActionMask = 2147483647;
			files = (
				366999362A346A200041C518 /* RecordingManager.swift in Sources */,
				3606D6962A483703009E3957 /* JSONFileStorage.swift in Sources */,
				1D9E74462A5DCF8E001EE271 /* Chords52.mlmodel in Sources */,
				367586002A54A37A001A1096 /* CustomSoundClassifierConfiguration.swift in Sources */,
				368463532A4383E000B574E5 /* AudioStorage.swift in Sources */,
				3606D6A52A48539C009E3957 /* RecordingSessionHelper.swift in Sources */,
				364F01532A35CCF7009D7B3B /* SystemSoundClassifier.swift in Sources */,
				3669993B2A348C0E0041C518 /* ApplicationState.swift in Sources */,
				3606D6B62A4CBBE9009E3957 /* AudioFileSplitterView.swift in Sources */,
				3606D6B32A4B9A15009E3957 /* VolumeSettingsViewModel.swift in Sources */,
				367585FE2A520A6B001A1096 /* AnalyzerViewModel.swift in Sources */,
				366999442A34BE540041C518 /* AudioAuthorization.swift in Sources */,
				3606D69F2A4846E0009E3957 /* ResourceStorageLoader.swift in Sources */,
				3606D69D2A48403C009E3957 /* RecordingSession.swift in Sources */,
				3606D6B82A4CBF1F009E3957 /* AudioSplitterViewModel.swift in Sources */,
				3606D68E2A482952009E3957 /* RecordingSessionView.swift in Sources */,
				368463512A40F4F000B574E5 /* VolumeView.swift in Sources */,
				3669993D2A34A8F10041C518 /* PlaybackManager.swift in Sources */,
				366999422A34BD5D0041C518 /* AudioStreamManager.swift in Sources */,
				3606D6A32A4848D6009E3957 /* AppErrors.swift in Sources */,
				3606D6A72A48687B009E3957 /* DurationView.swift in Sources */,
				367585FA2A5206A5001A1096 /* ChordSuggestionView.swift in Sources */,
				3684634D2A40E06500B574E5 /* AudioAnalyzer.swift in Sources */,
				36AF50CC2A4D4CA600FB56E0 /* AudioFileStreamManager.swift in Sources */,
				367585FC2A520A08001A1096 /* ChordSuggestionViewModel.swift in Sources */,
				36AF50CA2A4D3B9E00FB56E0 /* AudioFileSplitter.swift in Sources */,
				3652D0302A59D889000C9DF2 /* Chords2a.mlmodel in Sources */,
				364F014D2A35C1D1009D7B3B /* AudioDataProcessor.swift in Sources */,
				3606D6A92A48739D009E3957 /* SessionRecorder.swift in Sources */,
				364F01492A35BE44009D7B3B /* CustomSoundClassifier.swift in Sources */,
				3652D0342A5AF00F000C9DF2 /* Chords3a.mlmodel in Sources */,
				3606D6942A4830F8009E3957 /* UserDefaultStorage.swift in Sources */,
				368463552A43971C00B574E5 /* WaveView.swift in Sources */,
				3606D6AC2A48E52F009E3957 /* VolumeSettingsView.swift in Sources */,
				3606D6982A483903009E3957 /* RecordingSessionViewModel.swift in Sources */,
				366999282A3469160041C518 /* ContentView.swift in Sources */,
				366999262A3469160041C518 /* AudioSpielplatz1App.swift in Sources */,
				367586592A5972A1001A1096 /* CustomSoundClassifierConfiguration+Chords.swift in Sources */,
				3606D6912A482DAE009E3957 /* AppConfiguration.swift in Sources */,
				366999382A3471990041C518 /* PlayerControlsView.swift in Sources */,
				3606D6A12A4847ED009E3957 /* Storable.swift in Sources */,
				3606D6B12A4B75A9009E3957 /* AudioStreamManagerConfig.swift in Sources */,
				364F014B2A35C0D4009D7B3B /* SoundClassfier.swift in Sources */,
				364F01572A35EB0F009D7B3B /* ClassificationResult.swift in Sources */,
				3606D6AF2A4B6F6E009E3957 /* AnalyzerView.swift in Sources */,
				368463572A44DC5A00B574E5 /* AudioDeviceManager.swift in Sources */,
				367585F72A51D05C001A1096 /* FileListView.swift in Sources */,
				364F01552A35CEDA009D7B3B /* AppDefaults.swift in Sources */,
				3684634F2A40F3CF00B574E5 /* AudioAnalyzerData.swift in Sources */,
				366999402A34B0520041C518 /* Errors.swift in Sources */,
			);
			runOnlyForDeploymentPostprocessing = 0;
		};
/* End PBXSourcesBuildPhase section */

/* Begin XCBuildConfiguration section */
		3669992F2A3469170041C518 /* Debug */ = {
			isa = XCBuildConfiguration;
			buildSettings = {
				ALWAYS_SEARCH_USER_PATHS = NO;
				ASSETCATALOG_COMPILER_GENERATE_SWIFT_ASSET_SYMBOL_EXTENSIONS = YES;
				CLANG_ANALYZER_NONNULL = YES;
				CLANG_ANALYZER_NUMBER_OBJECT_CONVERSION = YES_AGGRESSIVE;
				CLANG_CXX_LANGUAGE_STANDARD = "gnu++20";
				CLANG_ENABLE_MODULES = YES;
				CLANG_ENABLE_OBJC_ARC = YES;
				CLANG_ENABLE_OBJC_WEAK = YES;
				CLANG_WARN_BLOCK_CAPTURE_AUTORELEASING = YES;
				CLANG_WARN_BOOL_CONVERSION = YES;
				CLANG_WARN_COMMA = YES;
				CLANG_WARN_CONSTANT_CONVERSION = YES;
				CLANG_WARN_DEPRECATED_OBJC_IMPLEMENTATIONS = YES;
				CLANG_WARN_DIRECT_OBJC_ISA_USAGE = YES_ERROR;
				CLANG_WARN_DOCUMENTATION_COMMENTS = YES;
				CLANG_WARN_EMPTY_BODY = YES;
				CLANG_WARN_ENUM_CONVERSION = YES;
				CLANG_WARN_INFINITE_RECURSION = YES;
				CLANG_WARN_INT_CONVERSION = YES;
				CLANG_WARN_NON_LITERAL_NULL_CONVERSION = YES;
				CLANG_WARN_OBJC_IMPLICIT_RETAIN_SELF = YES;
				CLANG_WARN_OBJC_LITERAL_CONVERSION = YES;
				CLANG_WARN_OBJC_ROOT_CLASS = YES_ERROR;
				CLANG_WARN_QUOTED_INCLUDE_IN_FRAMEWORK_HEADER = YES;
				CLANG_WARN_RANGE_LOOP_ANALYSIS = YES;
				CLANG_WARN_STRICT_PROTOTYPES = YES;
				CLANG_WARN_SUSPICIOUS_MOVE = YES;
				CLANG_WARN_UNGUARDED_AVAILABILITY = YES_AGGRESSIVE;
				CLANG_WARN_UNREACHABLE_CODE = YES;
				CLANG_WARN__DUPLICATE_METHOD_MATCH = YES;
				COPY_PHASE_STRIP = NO;
				DEBUG_INFORMATION_FORMAT = dwarf;
				ENABLE_STRICT_OBJC_MSGSEND = YES;
				ENABLE_TESTABILITY = YES;
				ENABLE_USER_SCRIPT_SANDBOXING = YES;
				GCC_C_LANGUAGE_STANDARD = gnu17;
				GCC_DYNAMIC_NO_PIC = NO;
				GCC_NO_COMMON_BLOCKS = YES;
				GCC_OPTIMIZATION_LEVEL = 0;
				GCC_PREPROCESSOR_DEFINITIONS = (
					"DEBUG=1",
					"$(inherited)",
				);
				GCC_WARN_64_TO_32_BIT_CONVERSION = YES;
				GCC_WARN_ABOUT_RETURN_TYPE = YES_ERROR;
				GCC_WARN_UNDECLARED_SELECTOR = YES;
				GCC_WARN_UNINITIALIZED_AUTOS = YES_AGGRESSIVE;
				GCC_WARN_UNUSED_FUNCTION = YES;
				GCC_WARN_UNUSED_VARIABLE = YES;
				LOCALIZATION_PREFERS_STRING_CATALOGS = YES;
				MACOSX_DEPLOYMENT_TARGET = 13.4;
				MTL_ENABLE_DEBUG_INFO = INCLUDE_SOURCE;
				MTL_FAST_MATH = YES;
				ONLY_ACTIVE_ARCH = YES;
				SDKROOT = macosx;
				SWIFT_ACTIVE_COMPILATION_CONDITIONS = "DEBUG $(inherited)";
				SWIFT_OPTIMIZATION_LEVEL = "-Onone";
			};
			name = Debug;
		};
		366999302A3469170041C518 /* Release */ = {
			isa = XCBuildConfiguration;
			buildSettings = {
				ALWAYS_SEARCH_USER_PATHS = NO;
				ASSETCATALOG_COMPILER_GENERATE_SWIFT_ASSET_SYMBOL_EXTENSIONS = YES;
				CLANG_ANALYZER_NONNULL = YES;
				CLANG_ANALYZER_NUMBER_OBJECT_CONVERSION = YES_AGGRESSIVE;
				CLANG_CXX_LANGUAGE_STANDARD = "gnu++20";
				CLANG_ENABLE_MODULES = YES;
				CLANG_ENABLE_OBJC_ARC = YES;
				CLANG_ENABLE_OBJC_WEAK = YES;
				CLANG_WARN_BLOCK_CAPTURE_AUTORELEASING = YES;
				CLANG_WARN_BOOL_CONVERSION = YES;
				CLANG_WARN_COMMA = YES;
				CLANG_WARN_CONSTANT_CONVERSION = YES;
				CLANG_WARN_DEPRECATED_OBJC_IMPLEMENTATIONS = YES;
				CLANG_WARN_DIRECT_OBJC_ISA_USAGE = YES_ERROR;
				CLANG_WARN_DOCUMENTATION_COMMENTS = YES;
				CLANG_WARN_EMPTY_BODY = YES;
				CLANG_WARN_ENUM_CONVERSION = YES;
				CLANG_WARN_INFINITE_RECURSION = YES;
				CLANG_WARN_INT_CONVERSION = YES;
				CLANG_WARN_NON_LITERAL_NULL_CONVERSION = YES;
				CLANG_WARN_OBJC_IMPLICIT_RETAIN_SELF = YES;
				CLANG_WARN_OBJC_LITERAL_CONVERSION = YES;
				CLANG_WARN_OBJC_ROOT_CLASS = YES_ERROR;
				CLANG_WARN_QUOTED_INCLUDE_IN_FRAMEWORK_HEADER = YES;
				CLANG_WARN_RANGE_LOOP_ANALYSIS = YES;
				CLANG_WARN_STRICT_PROTOTYPES = YES;
				CLANG_WARN_SUSPICIOUS_MOVE = YES;
				CLANG_WARN_UNGUARDED_AVAILABILITY = YES_AGGRESSIVE;
				CLANG_WARN_UNREACHABLE_CODE = YES;
				CLANG_WARN__DUPLICATE_METHOD_MATCH = YES;
				COPY_PHASE_STRIP = NO;
				DEBUG_INFORMATION_FORMAT = "dwarf-with-dsym";
				ENABLE_NS_ASSERTIONS = NO;
				ENABLE_STRICT_OBJC_MSGSEND = YES;
				ENABLE_USER_SCRIPT_SANDBOXING = YES;
				GCC_C_LANGUAGE_STANDARD = gnu17;
				GCC_NO_COMMON_BLOCKS = YES;
				GCC_WARN_64_TO_32_BIT_CONVERSION = YES;
				GCC_WARN_ABOUT_RETURN_TYPE = YES_ERROR;
				GCC_WARN_UNDECLARED_SELECTOR = YES;
				GCC_WARN_UNINITIALIZED_AUTOS = YES_AGGRESSIVE;
				GCC_WARN_UNUSED_FUNCTION = YES;
				GCC_WARN_UNUSED_VARIABLE = YES;
				LOCALIZATION_PREFERS_STRING_CATALOGS = YES;
				MACOSX_DEPLOYMENT_TARGET = 13.4;
				MTL_ENABLE_DEBUG_INFO = NO;
				MTL_FAST_MATH = YES;
				SDKROOT = macosx;
				SWIFT_COMPILATION_MODE = wholemodule;
			};
			name = Release;
		};
		366999322A3469170041C518 /* Debug */ = {
			isa = XCBuildConfiguration;
			buildSettings = {
				ASSETCATALOG_COMPILER_APPICON_NAME = AppIcon;
				ASSETCATALOG_COMPILER_GLOBAL_ACCENT_COLOR_NAME = AccentColor;
				CODE_SIGN_ENTITLEMENTS = AudioSpielplatz1/Entitlements/AudioSpielplatz1.entitlements;
				CODE_SIGN_STYLE = Automatic;
				COMBINE_HIDPI_IMAGES = YES;
				CURRENT_PROJECT_VERSION = 1;
				DEVELOPMENT_ASSET_PATHS = "\"AudioSpielplatz1/Preview Content\"";
				DEVELOPMENT_TEAM = TGTZK275Q2;
				ENABLE_HARDENED_RUNTIME = YES;
				ENABLE_PREVIEWS = YES;
				GENERATE_INFOPLIST_FILE = YES;
				INFOPLIST_KEY_NSHumanReadableCopyright = "";
				INFOPLIST_KEY_NSMicrophoneUsageDescription = "Ich müsste mal auf dein Mikrofon zugreifen, ginge das wohl..?";
				LD_RUNPATH_SEARCH_PATHS = (
					"$(inherited)",
					"@executable_path/../Frameworks",
				);
				MARKETING_VERSION = 1.0;
				PRODUCT_BUNDLE_IDENTIFIER = net.ubahnstation.spielplatz.AudioSpielplatz1;
				PRODUCT_NAME = "$(TARGET_NAME)";
				SWIFT_EMIT_LOC_STRINGS = YES;
				SWIFT_VERSION = 5.0;
			};
			name = Debug;
		};
		366999332A3469170041C518 /* Release */ = {
			isa = XCBuildConfiguration;
			buildSettings = {
				ASSETCATALOG_COMPILER_APPICON_NAME = AppIcon;
				ASSETCATALOG_COMPILER_GLOBAL_ACCENT_COLOR_NAME = AccentColor;
				CODE_SIGN_ENTITLEMENTS = AudioSpielplatz1/Entitlements/AudioSpielplatz1.entitlements;
				CODE_SIGN_STYLE = Automatic;
				COMBINE_HIDPI_IMAGES = YES;
				CURRENT_PROJECT_VERSION = 1;
				DEVELOPMENT_ASSET_PATHS = "\"AudioSpielplatz1/Preview Content\"";
				DEVELOPMENT_TEAM = TGTZK275Q2;
				ENABLE_HARDENED_RUNTIME = YES;
				ENABLE_PREVIEWS = YES;
				GENERATE_INFOPLIST_FILE = YES;
				INFOPLIST_KEY_NSHumanReadableCopyright = "";
				INFOPLIST_KEY_NSMicrophoneUsageDescription = "Ich müsste mal auf dein Mikrofon zugreifen, ginge das wohl..?";
				LD_RUNPATH_SEARCH_PATHS = (
					"$(inherited)",
					"@executable_path/../Frameworks",
				);
				MARKETING_VERSION = 1.0;
				PRODUCT_BUNDLE_IDENTIFIER = net.ubahnstation.spielplatz.AudioSpielplatz1;
				PRODUCT_NAME = "$(TARGET_NAME)";
				SWIFT_EMIT_LOC_STRINGS = YES;
				SWIFT_VERSION = 5.0;
			};
			name = Release;
		};
/* End XCBuildConfiguration section */

/* Begin XCConfigurationList section */
		3669991D2A3469160041C518 /* Build configuration list for PBXProject "AudioSpielplatz1" */ = {
			isa = XCConfigurationList;
			buildConfigurations = (
				3669992F2A3469170041C518 /* Debug */,
				366999302A3469170041C518 /* Release */,
			);
			defaultConfigurationIsVisible = 0;
			defaultConfigurationName = Release;
		};
		366999312A3469170041C518 /* Build configuration list for PBXNativeTarget "AudioSpielplatz1" */ = {
			isa = XCConfigurationList;
			buildConfigurations = (
				366999322A3469170041C518 /* Debug */,
				366999332A3469170041C518 /* Release */,
			);
			defaultConfigurationIsVisible = 0;
			defaultConfigurationName = Release;
		};
/* End XCConfigurationList section */
	};
	rootObject = 3669991A2A3469160041C518 /* Project object */;
}
